gw ghcr.io/sathwikshetty33/antardrishti-gw@sha256:6eff96efce030172e400ecddea821a76a181035b059d06b3e4c7649ffa42952a
router ghcr.io/sathwikshetty33/antardrishti-router@sha256:5e1ea7024cad6c98acbe06047cd762f1cacd498a986e13ae85ecb0c324e97f03
host ghcr.io/sathwikshetty33/antardrishti-host@sha256:3d8f115020bb0789cd69104626f1d018315c8a490603cf39f3af30da7092928b
services ghcr.io/sathwikshetty33/antardrishti-services@sha256:53d0c2069b4c8112d9eb9c5faddf6c169ab441cf17963801621b90b694dde60b
noise ghcr.io/sathwikshetty33/antardrishti-noise@sha256:e7f822bb5a3524dd48651baf7dce8710911b199cebc96f5f8ce945016ee09e83
media ghcr.io/sathwikshetty33/antardrishti-media@sha256:1d265727457bdecc1f0c2c4a77e7190096c9153ea3b5b1ff191dc39002322a39
